{
  "name": "@cyberskill/npm-hello-example",
  "version": "0.0.0",
  "lockfileVersion": 3,
  "requires": true,
  "packages": {
    "": {
      "name": "@cyberskill/npm-hello-example",
      "version": "0.0.0",
      "dependencies": {
        "@cyberskill/design": "^1.0.0"
      }
    },
    "node_modules/@cyberskill/design": {
      "version": "1.0.0",
      "resolved": "https://registry.npmjs.org/@cyberskill/design/-/design-1.0.0.tgz",
      "integrity": "sha512-TqNOZEhlb6FMtUwQqaXb3a6DapEEYpAw1CLWjz9a9er6r83uhqGgVys/jMxlC4iAyygu4q73YA8tXWYQuSjrWA==",
      "license": "UNLICENSED"
    }
  }
}
